<?xml version="1.0" encoding="UTF-8" standalone="yes" ?>
<CodeBlocks_project_file>
	<FileVersion major="1" minor="6" />
	<Project>
		<Option title="NinjaTreasureHunterGame" />
		<Option pch_mode="2" />
		<Option compiler="gcc" />
		<Build>
			<Target title="Debug Win32">
				<Option output="../Debug/NinjaTreasureHunterGame" prefix_auto="1" extension_auto="1" />
				<Option object_output="Debug/" />
				<Option deps_output="../Debug/" />
				<Option type="0" />
				<Option compiler="gcc" />
				<Compiler>
					<Add option="-g" />
					<Add option="-O0" />
					<Add option="-Wall" />
					<Add directory="D:/YEAR 1-1/PROGRAMMING FUNDAMENTAL/GAME Assignment/Ninja Treasure Hunter Game/SFML/include/" />
				</Compiler>
				<Linker>
					<Add library="sfml-system-d.lib" />
					<Add library="sfml-graphics-d.lib" />
					<Add library="sfml-audio-d.lib" />
					<Add library="sfml-network-d.lib" />
					<Add library="sfml-window-d.lib" />
					<Add library="winmm.lib" />
					<Add library="comctl32.lib" />
					<Add library="kernel32.lib" />
					<Add library="user32.lib" />
					<Add library="gdi32.lib" />
					<Add library="winspool.lib" />
					<Add library="comdlg32.lib" />
					<Add library="advapi32.lib" />
					<Add library="shell32.lib" />
					<Add library="ole32.lib" />
					<Add library="oleaut32.lib" />
					<Add library="uuid.lib" />
					<Add library="odbc32.lib" />
					<Add library="odbccp32.lib" />
					<Add directory="D:/YEAR 1-1/PROGRAMMING FUNDAMENTAL/GAME Assignment/Ninja Treasure Hunter Game/SFML/lib/" />
				</Linker>
			</Target>
			<Target title="Debug x64">
				<Option output="../Debug/NinjaTreasureHunterGame" prefix_auto="1" extension_auto="1" />
				<Option object_output="Debug/" />
				<Option deps_output="../Debug/" />
				<Option type="0" />
				<Option compiler="gcc" />
				<Compiler>
					<Add option="-g" />
					<Add option="-O0" />
					<Add option="-Wall" />
				</Compiler>
			</Target>
			<Target title="Release x64">
				<Option output="../Release/NinjaTreasureHunterGame" prefix_auto="1" extension_auto="1" />
				<Option object_output="Release/" />
				<Option deps_output="../Release/" />
				<Option type="0" />
				<Option compiler="gcc" />
				<Compiler>
					<Add option="-O1" />
					<Add option="-Wall" />
				</Compiler>
				<Linker>
					<Add option="-s" />
					<Add library="winmm.lib" />
					<Add library="comctl32.lib" />
					<Add library="kernel32.lib" />
					<Add library="user32.lib" />
					<Add library="gdi32.lib" />
					<Add library="winspool.lib" />
					<Add library="comdlg32.lib" />
					<Add library="advapi32.lib" />
					<Add library="shell32.lib" />
					<Add library="ole32.lib" />
					<Add library="oleaut32.lib" />
					<Add library="uuid.lib" />
					<Add library="odbc32.lib" />
					<Add library="odbccp32.lib" />
				</Linker>
			</Target>
			<Target title="Release Win32">
				<Option output="../Release/NinjaTreasureHunterGame" prefix_auto="1" extension_auto="1" />
				<Option object_output="Release/" />
				<Option deps_output="../Release/" />
				<Option type="0" />
				<Option compiler="gcc" />
				<Compiler>
					<Add option="-O1" />
					<Add option="-Wall" />
					<Add directory="D:/YEAR 1-1/PROGRAMMING FUNDAMENTAL/GAME Assignment/Ninja Treasure Hunter Game/SFML/include/" />
				</Compiler>
				<Linker>
					<Add option="-s" />
					<Add library="sfml-system.lib" />
					<Add library="sfml-graphics.lib" />
					<Add library="sfml-audio.lib" />
					<Add library="sfml-network.lib" />
					<Add library="sfml-window.lib" />
					<Add library="winmm.lib" />
					<Add library="comctl32.lib" />
					<Add library="kernel32.lib" />
					<Add library="user32.lib" />
					<Add library="gdi32.lib" />
					<Add library="winspool.lib" />
					<Add library="comdlg32.lib" />
					<Add library="advapi32.lib" />
					<Add library="shell32.lib" />
					<Add library="ole32.lib" />
					<Add library="oleaut32.lib" />
					<Add library="uuid.lib" />
					<Add library="odbc32.lib" />
					<Add library="odbccp32.lib" />
					<Add directory="D:/YEAR 1-1/PROGRAMMING FUNDAMENTAL/GAME Assignment/Ninja Treasure Hunter Game/SFML/lib/" />
				</Linker>
			</Target>
		</Build>
		<Unit filename="Animation.cpp" />
		<Unit filename="Animation.h" />
		<Unit filename="AssetManager.cpp" />
		<Unit filename="AssetManager.h" />
		<Unit filename="Clash.cpp" />
		<Unit filename="Clash.h" />
		<Unit filename="Collider.cpp" />
		<Unit filename="Collider.h" />
		<Unit filename="Collision.cpp" />
		<Unit filename="Collision.h" />
		<Unit filename="Item.cpp" />
		<Unit filename="Item.h" />
		<Unit filename="Platform.cpp" />
		<Unit filename="Platform.h" />
		<Unit filename="Player.cpp" />
		<Unit filename="Player.h" />
		<Unit filename="background.cpp" />
		<Unit filename="background.h" />
		<Unit filename="main.cpp" />
		<Extensions>
			<code_completion />
			<envvars />
			<debugger />
		</Extensions>
	</Project>
</CodeBlocks_project_file>
